
Microsoft Visual Studio Solution File, Format Version 12.00
# Visual Studio 14
VisualStudioVersion = 14.0.25420.1
MinimumVisualStudioVersion = 10.0.40219.1
Project("{2150E333-8FDC-42A3-9474-1A3956D46DE8}") = "Solution Items", "Solution Items", "{130ED3D2-FAD9-4BE5-8D71-F827A0856660}"
	ProjectSection(SolutionItems) = preProject
		BuildAll.ps1 = BuildAll.ps1
		CreateLocalPackages.ps1 = CreateLocalPackages.ps1
		LICENSE = LICENSE
		PublishRemotePackages.ps1 = PublishRemotePackages.ps1
		README.md = README.md
		UpdateNuspecVersion.ps1 = UpdateNuspecVersion.ps1
	EndProjectSection
EndProject
Project("{2150E333-8FDC-42A3-9474-1A3956D46DE8}") = "src", "src", "{7E766088-4C09-41EE-A890-51E991BFACED}"
EndProject
Project("{FAE04EC0-301F-11D3-BF4B-00C04F79EFBC}") = "WPF Support", "src\LagoVista.Core.WPF\WPF Support.csproj", "{8012CA72-39A5-43D8-9476-BED0F1DBE6D9}"
EndProject
Project("{2150E333-8FDC-42A3-9474-1A3956D46DE8}") = "Test", "Test", "{279F746B-BDA0-4B25-B268-FECE9B0911E3}"
EndProject
Project("{FAE04EC0-301F-11D3-BF4B-00C04F79EFBC}") = "LagoVista.Core.WpfSupport.Test", "test\LagoVista.Core.WpfSupport.Test\LagoVista.Core.WpfSupport.Test.csproj", "{52B6C473-EE1B-4475-8007-B3099A010381}"
EndProject
Project("{FAE04EC0-301F-11D3-BF4B-00C04F79EFBC}") = "LagoVista.Core.WpfSupport.TestApp", "Test\LagoVista.Core.WpfSupport.TestApp\LagoVista.Core.WpfSupport.TestApp.csproj", "{0CB01771-4DB4-4148-A52A-2D04E0473F41}"
EndProject
Project("{FAE04EC0-301F-11D3-BF4B-00C04F79EFBC}") = "WPF UI", "src\LagoVista.UI.WPF\WPF UI.csproj", "{6954E095-192F-43CB-89A2-FF8DCC481534}"
EndProject
Global
	GlobalSection(SolutionConfigurationPlatforms) = preSolution
		Debug|Any CPU = Debug|Any CPU
		Release|Any CPU = Release|Any CPU
	EndGlobalSection
	GlobalSection(ProjectConfigurationPlatforms) = postSolution
		{8012CA72-39A5-43D8-9476-BED0F1DBE6D9}.Debug|Any CPU.ActiveCfg = Debug|Any CPU
		{8012CA72-39A5-43D8-9476-BED0F1DBE6D9}.Debug|Any CPU.Build.0 = Debug|Any CPU
		{8012CA72-39A5-43D8-9476-BED0F1DBE6D9}.Release|Any CPU.ActiveCfg = Release|Any CPU
		{8012CA72-39A5-43D8-9476-BED0F1DBE6D9}.Release|Any CPU.Build.0 = Release|Any CPU
		{52B6C473-EE1B-4475-8007-B3099A010381}.Debug|Any CPU.ActiveCfg = Debug|Any CPU
		{52B6C473-EE1B-4475-8007-B3099A010381}.Debug|Any CPU.Build.0 = Debug|Any CPU
		{52B6C473-EE1B-4475-8007-B3099A010381}.Release|Any CPU.ActiveCfg = Release|Any CPU
		{52B6C473-EE1B-4475-8007-B3099A010381}.Release|Any CPU.Build.0 = Release|Any CPU
		{0CB01771-4DB4-4148-A52A-2D04E0473F41}.Debug|Any CPU.ActiveCfg = Debug|Any CPU
		{0CB01771-4DB4-4148-A52A-2D04E0473F41}.Debug|Any CPU.Build.0 = Debug|Any CPU
		{0CB01771-4DB4-4148-A52A-2D04E0473F41}.Release|Any CPU.ActiveCfg = Release|Any CPU
		{0CB01771-4DB4-4148-A52A-2D04E0473F41}.Release|Any CPU.Build.0 = Release|Any CPU
		{6954E095-192F-43CB-89A2-FF8DCC481534}.Debug|Any CPU.ActiveCfg = Debug|Any CPU
		{6954E095-192F-43CB-89A2-FF8DCC481534}.Debug|Any CPU.Build.0 = Debug|Any CPU
		{6954E095-192F-43CB-89A2-FF8DCC481534}.Release|Any CPU.ActiveCfg = Release|Any CPU
		{6954E095-192F-43CB-89A2-FF8DCC481534}.Release|Any CPU.Build.0 = Release|Any CPU
	EndGlobalSection
	GlobalSection(SolutionProperties) = preSolution
		HideSolutionNode = FALSE
	EndGlobalSection
	GlobalSection(NestedProjects) = preSolution
		{8012CA72-39A5-43D8-9476-BED0F1DBE6D9} = {7E766088-4C09-41EE-A890-51E991BFACED}
		{52B6C473-EE1B-4475-8007-B3099A010381} = {279F746B-BDA0-4B25-B268-FECE9B0911E3}
		{0CB01771-4DB4-4148-A52A-2D04E0473F41} = {279F746B-BDA0-4B25-B268-FECE9B0911E3}
		{6954E095-192F-43CB-89A2-FF8DCC481534} = {7E766088-4C09-41EE-A890-51E991BFACED}
	EndGlobalSection
EndGlobal
